// !$*UTF8*$!
{
	archiveVersion = 1;
	classes = {
	};
	objectVersion = 55;
	objects = {

/* Begin PBXBuildFile section */
		879C35F9312C0C4685FB3EC0 /* Pods_SwiftBook_Networking.framework in Frameworks */ = {isa = PBXBuildFile; fileRef = 9B3BB7E65E0B1842DFDBAC9C /* Pods_SwiftBook_Networking.framework */; };
		E811358027DF4DEA00E4AA24 /* MainCollectionViewController.swift in Sources */ = {isa = PBXBuildFile; fileRef = E811357F27DF4DEA00E4AA24 /* MainCollectionViewController.swift */; };
		E811358227DF4E0200E4AA24 /* CollectionViewCell.swift in Sources */ = {isa = PBXBuildFile; fileRef = E811358127DF4E0200E4AA24 /* CollectionViewCell.swift */; };
		E811358427DF530500E4AA24 /* NetworkManager.swift in Sources */ = {isa = PBXBuildFile; fileRef = E811358327DF530500E4AA24 /* NetworkManager.swift */; };
		E811358727DF63F100E4AA24 /* ImageProperties.swift in Sources */ = {isa = PBXBuildFile; fileRef = E811358627DF63F100E4AA24 /* ImageProperties.swift */; };
		E811358927DF83FD00E4AA24 /* DataProvider.swift in Sources */ = {isa = PBXBuildFile; fileRef = E811358827DF83FD00E4AA24 /* DataProvider.swift */; };
		E887D4AD27E0C58C00D1023F /* AlamofireNetworkRequest.swift in Sources */ = {isa = PBXBuildFile; fileRef = E887D4AC27E0C58C00D1023F /* AlamofireNetworkRequest.swift */; };
		E8A858F227DDF7B500767E7C /* AppDelegate.swift in Sources */ = {isa = PBXBuildFile; fileRef = E8A858F127DDF7B500767E7C /* AppDelegate.swift */; };
		E8A858F427DDF7B500767E7C /* SceneDelegate.swift in Sources */ = {isa = PBXBuildFile; fileRef = E8A858F327DDF7B500767E7C /* SceneDelegate.swift */; };
		E8A858F627DDF7B500767E7C /* ViewController.swift in Sources */ = {isa = PBXBuildFile; fileRef = E8A858F527DDF7B500767E7C /* ViewController.swift */; };
		E8A858F927DDF7B500767E7C /* Main.storyboard in Resources */ = {isa = PBXBuildFile; fileRef = E8A858F727DDF7B500767E7C /* Main.storyboard */; };
		E8A858FB27DDF7B700767E7C /* Assets.xcassets in Resources */ = {isa = PBXBuildFile; fileRef = E8A858FA27DDF7B700767E7C /* Assets.xcassets */; };
		E8A858FE27DDF7B700767E7C /* LaunchScreen.storyboard in Resources */ = {isa = PBXBuildFile; fileRef = E8A858FC27DDF7B700767E7C /* LaunchScreen.storyboard */; };
		E8A8590927DDFF3000767E7C /* RequestViewController1.swift in Sources */ = {isa = PBXBuildFile; fileRef = E8A8590827DDFF3000767E7C /* RequestViewController1.swift */; };
		E8A8590F27DE1FB000767E7C /* RequestTableViewController.swift in Sources */ = {isa = PBXBuildFile; fileRef = E8A8590E27DE1FB000767E7C /* RequestTableViewController.swift */; };
		E8A8591127DE21E200767E7C /* RequestTableViewCell.swift in Sources */ = {isa = PBXBuildFile; fileRef = E8A8591027DE21E200767E7C /* RequestTableViewCell.swift */; };
		E8A8591327DE232500767E7C /* WebViewController.swift in Sources */ = {isa = PBXBuildFile; fileRef = E8A8591227DE232500767E7C /* WebViewController.swift */; };
		E8A8591527DE32FC00767E7C /* Course .swift in Sources */ = {isa = PBXBuildFile; fileRef = E8A8591427DE32FC00767E7C /* Course .swift */; };
		E8A8591727DE389200767E7C /* WebsiteDescription.swift in Sources */ = {isa = PBXBuildFile; fileRef = E8A8591627DE389200767E7C /* WebsiteDescription.swift */; };
/* End PBXBuildFile section */

/* Begin PBXFileReference section */
		0B725132DD06793E96C853E0 /* Pods-SwiftBook_Networking.debug.xcconfig */ = {isa = PBXFileReference; includeInIndex = 1; lastKnownFileType = text.xcconfig; name = "Pods-SwiftBook_Networking.debug.xcconfig"; path = "Target Support Files/Pods-SwiftBook_Networking/Pods-SwiftBook_Networking.debug.xcconfig"; sourceTree = "<group>"; };
		9B3BB7E65E0B1842DFDBAC9C /* Pods_SwiftBook_Networking.framework */ = {isa = PBXFileReference; explicitFileType = wrapper.framework; includeInIndex = 0; path = Pods_SwiftBook_Networking.framework; sourceTree = BUILT_PRODUCTS_DIR; };
		9DC525E4AAFAD76DCBC14872 /* Pods-SwiftBook_Networking.release.xcconfig */ = {isa = PBXFileReference; includeInIndex = 1; lastKnownFileType = text.xcconfig; name = "Pods-SwiftBook_Networking.release.xcconfig"; path = "Target Support Files/Pods-SwiftBook_Networking/Pods-SwiftBook_Networking.release.xcconfig"; sourceTree = "<group>"; };
		E811357F27DF4DEA00E4AA24 /* MainCollectionViewController.swift */ = {isa = PBXFileReference; lastKnownFileType = sourcecode.swift; path = MainCollectionViewController.swift; sourceTree = "<group>"; };
		E811358127DF4E0200E4AA24 /* CollectionViewCell.swift */ = {isa = PBXFileReference; lastKnownFileType = sourcecode.swift; path = CollectionViewCell.swift; sourceTree = "<group>"; };
		E811358327DF530500E4AA24 /* NetworkManager.swift */ = {isa = PBXFileReference; lastKnownFileType = sourcecode.swift; path = NetworkManager.swift; sourceTree = "<group>"; };
		E811358627DF63F100E4AA24 /* ImageProperties.swift */ = {isa = PBXFileReference; lastKnownFileType = sourcecode.swift; path = ImageProperties.swift; sourceTree = "<group>"; };
		E811358827DF83FD00E4AA24 /* DataProvider.swift */ = {isa = PBXFileReference; lastKnownFileType = sourcecode.swift; path = DataProvider.swift; sourceTree = "<group>"; };
		E887D4AC27E0C58C00D1023F /* AlamofireNetworkRequest.swift */ = {isa = PBXFileReference; lastKnownFileType = sourcecode.swift; path = AlamofireNetworkRequest.swift; sourceTree = "<group>"; };
		E8A858EE27DDF7B500767E7C /* SwiftBook_Networking.app */ = {isa = PBXFileReference; explicitFileType = wrapper.application; includeInIndex = 0; path = SwiftBook_Networking.app; sourceTree = BUILT_PRODUCTS_DIR; };
		E8A858F127DDF7B500767E7C /* AppDelegate.swift */ = {isa = PBXFileReference; lastKnownFileType = sourcecode.swift; path = AppDelegate.swift; sourceTree = "<group>"; };
		E8A858F327DDF7B500767E7C /* SceneDelegate.swift */ = {isa = PBXFileReference; lastKnownFileType = sourcecode.swift; path = SceneDelegate.swift; sourceTree = "<group>"; };
		E8A858F527DDF7B500767E7C /* ViewController.swift */ = {isa = PBXFileReference; lastKnownFileType = sourcecode.swift; path = ViewController.swift; sourceTree = "<group>"; };
		E8A858F827DDF7B500767E7C /* Base */ = {isa = PBXFileReference; lastKnownFileType = file.storyboard; name = Base; path = Base.lproj/Main.storyboard; sourceTree = "<group>"; };
		E8A858FA27DDF7B700767E7C /* Assets.xcassets */ = {isa = PBXFileReference; lastKnownFileType = folder.assetcatalog; path = Assets.xcassets; sourceTree = "<group>"; };
		E8A858FD27DDF7B700767E7C /* Base */ = {isa = PBXFileReference; lastKnownFileType = file.storyboard; name = Base; path = Base.lproj/LaunchScreen.storyboard; sourceTree = "<group>"; };
		E8A858FF27DDF7B700767E7C /* Info.plist */ = {isa = PBXFileReference; lastKnownFileType = text.plist.xml; path = Info.plist; sourceTree = "<group>"; };
		E8A8590827DDFF3000767E7C /* RequestViewController1.swift */ = {isa = PBXFileReference; lastKnownFileType = sourcecode.swift; path = RequestViewController1.swift; sourceTree = "<group>"; };
		E8A8590E27DE1FB000767E7C /* RequestTableViewController.swift */ = {isa = PBXFileReference; lastKnownFileType = sourcecode.swift; path = RequestTableViewController.swift; sourceTree = "<group>"; };
		E8A8591027DE21E200767E7C /* RequestTableViewCell.swift */ = {isa = PBXFileReference; lastKnownFileType = sourcecode.swift; path = RequestTableViewCell.swift; sourceTree = "<group>"; };
		E8A8591227DE232500767E7C /* WebViewController.swift */ = {isa = PBXFileReference; lastKnownFileType = sourcecode.swift; path = WebViewController.swift; sourceTree = "<group>"; };
		E8A8591427DE32FC00767E7C /* Course .swift */ = {isa = PBXFileReference; lastKnownFileType = sourcecode.swift; path = "Course .swift"; sourceTree = "<group>"; };
		E8A8591627DE389200767E7C /* WebsiteDescription.swift */ = {isa = PBXFileReference; lastKnownFileType = sourcecode.swift; path = WebsiteDescription.swift; sourceTree = "<group>"; };
/* End PBXFileReference section */

/* Begin PBXFrameworksBuildPhase section */
		E8A858EB27DDF7B500767E7C /* Frameworks */ = {
			isa = PBXFrameworksBuildPhase;
			buildActionMask = 2147483647;
			files = (
				879C35F9312C0C4685FB3EC0 /* Pods_SwiftBook_Networking.framework in Frameworks */,
			);
			runOnlyForDeploymentPostprocessing = 0;
		};
/* End PBXFrameworksBuildPhase section */

/* Begin PBXGroup section */
		BAC37747347F05159432FE37 /* Pods */ = {
			isa = PBXGroup;
			children = (
				0B725132DD06793E96C853E0 /* Pods-SwiftBook_Networking.debug.xcconfig */,
				9DC525E4AAFAD76DCBC14872 /* Pods-SwiftBook_Networking.release.xcconfig */,
			);
			name = Pods;
			path = Pods;
			sourceTree = "<group>";
		};
		E811357E27DF4DBE00E4AA24 /* Refactoring */ = {
			isa = PBXGroup;
			children = (
				E811357F27DF4DEA00E4AA24 /* MainCollectionViewController.swift */,
				E811358127DF4E0200E4AA24 /* CollectionViewCell.swift */,
				E811358327DF530500E4AA24 /* NetworkManager.swift */,
				E887D4AC27E0C58C00D1023F /* AlamofireNetworkRequest.swift */,
				E811358827DF83FD00E4AA24 /* DataProvider.swift */,
			);
			path = Refactoring;
			sourceTree = "<group>";
		};
		E811358527DF63D600E4AA24 /* UploadImage */ = {
			isa = PBXGroup;
			children = (
				E811358627DF63F100E4AA24 /* ImageProperties.swift */,
			);
			path = UploadImage;
			sourceTree = "<group>";
		};
		E8A858E527DDF7B500767E7C = {
			isa = PBXGroup;
			children = (
				E8A858F027DDF7B500767E7C /* SwiftBook_Networking */,
				E8A858EF27DDF7B500767E7C /* Products */,
				BAC37747347F05159432FE37 /* Pods */,
				EB7AF0EFA9F881F3DE750705 /* Frameworks */,
			);
			sourceTree = "<group>";
		};
		E8A858EF27DDF7B500767E7C /* Products */ = {
			isa = PBXGroup;
			children = (
				E8A858EE27DDF7B500767E7C /* SwiftBook_Networking.app */,
			);
			name = Products;
			sourceTree = "<group>";
		};
		E8A858F027DDF7B500767E7C /* SwiftBook_Networking */ = {
			isa = PBXGroup;
			children = (
				E8A858F127DDF7B500767E7C /* AppDelegate.swift */,
				E8A858F327DDF7B500767E7C /* SceneDelegate.swift */,
				E811358527DF63D600E4AA24 /* UploadImage */,
				E811357E27DF4DBE00E4AA24 /* Refactoring */,
				E8A8590727DDFF0A00767E7C /* Requests */,
				E8A8590627DDFBA000767E7C /* DownloadImage */,
				E8A858F727DDF7B500767E7C /* Main.storyboard */,
				E8A858FA27DDF7B700767E7C /* Assets.xcassets */,
				E8A858FC27DDF7B700767E7C /* LaunchScreen.storyboard */,
				E8A858FF27DDF7B700767E7C /* Info.plist */,
			);
			path = SwiftBook_Networking;
			sourceTree = "<group>";
		};
		E8A8590627DDFBA000767E7C /* DownloadImage */ = {
			isa = PBXGroup;
			children = (
				E8A858F527DDF7B500767E7C /* ViewController.swift */,
			);
			path = DownloadImage;
			sourceTree = "<group>";
		};
		E8A8590727DDFF0A00767E7C /* Requests */ = {
			isa = PBXGroup;
			children = (
				E8A8590827DDFF3000767E7C /* RequestViewController1.swift */,
				E8A8590E27DE1FB000767E7C /* RequestTableViewController.swift */,
				E8A8591027DE21E200767E7C /* RequestTableViewCell.swift */,
				E8A8591227DE232500767E7C /* WebViewController.swift */,
				E8A8591427DE32FC00767E7C /* Course .swift */,
				E8A8591627DE389200767E7C /* WebsiteDescription.swift */,
			);
			path = Requests;
			sourceTree = "<group>";
		};
		EB7AF0EFA9F881F3DE750705 /* Frameworks */ = {
			isa = PBXGroup;
			children = (
				9B3BB7E65E0B1842DFDBAC9C /* Pods_SwiftBook_Networking.framework */,
			);
			name = Frameworks;
			sourceTree = "<group>";
		};
/* End PBXGroup section */

/* Begin PBXNativeTarget section */
		E8A858ED27DDF7B500767E7C /* SwiftBook_Networking */ = {
			isa = PBXNativeTarget;
			buildConfigurationList = E8A8590227DDF7B700767E7C /* Build configuration list for PBXNativeTarget "SwiftBook_Networking" */;
			buildPhases = (
				6F0BBC3275475B2694ACB7A9 /* [CP] Check Pods Manifest.lock */,
				E8A858EA27DDF7B500767E7C /* Sources */,
				E8A858EB27DDF7B500767E7C /* Frameworks */,
				E8A858EC27DDF7B500767E7C /* Resources */,
				26B852AAFE213999225085D0 /* [CP] Embed Pods Frameworks */,
			);
			buildRules = (
			);
			dependencies = (
			);
			name = SwiftBook_Networking;
			productName = SwiftBook_Networking;
			productReference = E8A858EE27DDF7B500767E7C /* SwiftBook_Networking.app */;
			productType = "com.apple.product-type.application";
		};
/* End PBXNativeTarget section */

/* Begin PBXProject section */
		E8A858E627DDF7B500767E7C /* Project object */ = {
			isa = PBXProject;
			attributes = {
				BuildIndependentTargetsInParallel = 1;
				LastSwiftUpdateCheck = 1320;
				LastUpgradeCheck = 1320;
				TargetAttributes = {
					E8A858ED27DDF7B500767E7C = {
						CreatedOnToolsVersion = 13.2.1;
					};
				};
			};
			buildConfigurationList = E8A858E927DDF7B500767E7C /* Build configuration list for PBXProject "SwiftBook_Networking" */;
			compatibilityVersion = "Xcode 13.0";
			developmentRegion = en;
			hasScannedForEncodings = 0;
			knownRegions = (
				en,
				Base,
			);
			mainGroup = E8A858E527DDF7B500767E7C;
			productRefGroup = E8A858EF27DDF7B500767E7C /* Products */;
			projectDirPath = "";
			projectRoot = "";
			targets = (
				E8A858ED27DDF7B500767E7C /* SwiftBook_Networking */,
			);
		};
/* End PBXProject section */

/* Begin PBXResourcesBuildPhase section */
		E8A858EC27DDF7B500767E7C /* Resources */ = {
			isa = PBXResourcesBuildPhase;
			buildActionMask = 2147483647;
			files = (
				E8A858FE27DDF7B700767E7C /* LaunchScreen.storyboard in Resources */,
				E8A858FB27DDF7B700767E7C /* Assets.xcassets in Resources */,
				E8A858F927DDF7B500767E7C /* Main.storyboard in Resources */,
			);
			runOnlyForDeploymentPostprocessing = 0;
		};
/* End PBXResourcesBuildPhase section */

/* Begin PBXShellScriptBuildPhase section */
		26B852AAFE213999225085D0 /* [CP] Embed Pods Frameworks */ = {
			isa = PBXShellScriptBuildPhase;
			buildActionMask = 2147483647;
			files = (
			);
			inputFileListPaths = (
				"${PODS_ROOT}/Target Support Files/Pods-SwiftBook_Networking/Pods-SwiftBook_Networking-frameworks-${CONFIGURATION}-input-files.xcfilelist",
			);
			name = "[CP] Embed Pods Frameworks";
			outputFileListPaths = (
				"${PODS_ROOT}/Target Support Files/Pods-SwiftBook_Networking/Pods-SwiftBook_Networking-frameworks-${CONFIGURATION}-output-files.xcfilelist",
			);
			runOnlyForDeploymentPostprocessing = 0;
			shellPath = /bin/sh;
			shellScript = "\"${PODS_ROOT}/Target Support Files/Pods-SwiftBook_Networking/Pods-SwiftBook_Networking-frameworks.sh\"\n";
			showEnvVarsInLog = 0;
		};
		6F0BBC3275475B2694ACB7A9 /* [CP] Check Pods Manifest.lock */ = {
			isa = PBXShellScriptBuildPhase;
			buildActionMask = 2147483647;
			files = (
			);
			inputFileListPaths = (
			);
			inputPaths = (
				"${PODS_PODFILE_DIR_PATH}/Podfile.lock",
				"${PODS_ROOT}/Manifest.lock",
			);
			name = "[CP] Check Pods Manifest.lock";
			outputFileListPaths = (
			);
			outputPaths = (
				"$(DERIVED_FILE_DIR)/Pods-SwiftBook_Networking-checkManifestLockResult.txt",
			);
			runOnlyForDeploymentPostprocessing = 0;
			shellPath = /bin/sh;
			shellScript = "diff \"${PODS_PODFILE_DIR_PATH}/Podfile.lock\" \"${PODS_ROOT}/Manifest.lock\" > /dev/null\nif [ $? != 0 ] ; then\n    # print error to STDERR\n    echo \"error: The sandbox is not in sync with the Podfile.lock. Run 'pod install' or update your CocoaPods installation.\" >&2\n    exit 1\nfi\n# This output is used by Xcode 'outputs' to avoid re-running this script phase.\necho \"SUCCESS\" > \"${SCRIPT_OUTPUT_FILE_0}\"\n";
			showEnvVarsInLog = 0;
		};
/* End PBXShellScriptBuildPhase section */

/* Begin PBXSourcesBuildPhase section */
		E8A858EA27DDF7B500767E7C /* Sources */ = {
			isa = PBXSourcesBuildPhase;
			buildActionMask = 2147483647;
			files = (
				E8A8591727DE389200767E7C /* WebsiteDescription.swift in Sources */,
				E811358027DF4DEA00E4AA24 /* MainCollectionViewController.swift in Sources */,
				E8A8590927DDFF3000767E7C /* RequestViewController1.swift in Sources */,
				E8A8591527DE32FC00767E7C /* Course .swift in Sources */,
				E8A858F627DDF7B500767E7C /* ViewController.swift in Sources */,
				E811358727DF63F100E4AA24 /* ImageProperties.swift in Sources */,
				E887D4AD27E0C58C00D1023F /* AlamofireNetworkRequest.swift in Sources */,
				E8A8590F27DE1FB000767E7C /* RequestTableViewController.swift in Sources */,
				E8A858F227DDF7B500767E7C /* AppDelegate.swift in Sources */,
				E8A8591327DE232500767E7C /* WebViewController.swift in Sources */,
				E811358427DF530500E4AA24 /* NetworkManager.swift in Sources */,
				E811358927DF83FD00E4AA24 /* DataProvider.swift in Sources */,
				E8A858F427DDF7B500767E7C /* SceneDelegate.swift in Sources */,
				E8A8591127DE21E200767E7C /* RequestTableViewCell.swift in Sources */,
				E811358227DF4E0200E4AA24 /* CollectionViewCell.swift in Sources */,
			);
			runOnlyForDeploymentPostprocessing = 0;
		};
/* End PBXSourcesBuildPhase section */

/* Begin PBXVariantGroup section */
		E8A858F727DDF7B500767E7C /* Main.storyboard */ = {
			isa = PBXVariantGroup;
			children = (
				E8A858F827DDF7B500767E7C /* Base */,
			);
			name = Main.storyboard;
			sourceTree = "<group>";
		};
		E8A858FC27DDF7B700767E7C /* LaunchScreen.storyboard */ = {
			isa = PBXVariantGroup;
			children = (
				E8A858FD27DDF7B700767E7C /* Base */,
			);
			name = LaunchScreen.storyboard;
			sourceTree = "<group>";
		};
/* End PBXVariantGroup section */

/* Begin XCBuildConfiguration section */
		E8A8590027DDF7B700767E7C /* Debug */ = {
			isa = XCBuildConfiguration;
			buildSettings = {
				ALWAYS_SEARCH_USER_PATHS = NO;
				CLANG_ANALYZER_NONNULL = YES;
				CLANG_ANALYZER_NUMBER_OBJECT_CONVERSION = YES_AGGRESSIVE;
				CLANG_CXX_LANGUAGE_STANDARD = "gnu++17";
				CLANG_CXX_LIBRARY = "libc++";
				CLANG_ENABLE_MODULES = YES;
				CLANG_ENABLE_OBJC_ARC = YES;
				CLANG_ENABLE_OBJC_WEAK = YES;
				CLANG_WARN_BLOCK_CAPTURE_AUTORELEASING = YES;
				CLANG_WARN_BOOL_CONVERSION = YES;
				CLANG_WARN_COMMA = YES;
				CLANG_WARN_CONSTANT_CONVERSION = YES;
				CLANG_WARN_DEPRECATED_OBJC_IMPLEMENTATIONS = YES;
				CLANG_WARN_DIRECT_OBJC_ISA_USAGE = YES_ERROR;
				CLANG_WARN_DOCUMENTATION_COMMENTS = YES;
				CLANG_WARN_EMPTY_BODY = YES;
				CLANG_WARN_ENUM_CONVERSION = YES;
				CLANG_WARN_INFINITE_RECURSION = YES;
				CLANG_WARN_INT_CONVERSION = YES;
				CLANG_WARN_NON_LITERAL_NULL_CONVERSION = YES;
				CLANG_WARN_OBJC_IMPLICIT_RETAIN_SELF = YES;
				CLANG_WARN_OBJC_LITERAL_CONVERSION = YES;
				CLANG_WARN_OBJC_ROOT_CLASS = YES_ERROR;
				CLANG_WARN_QUOTED_INCLUDE_IN_FRAMEWORK_HEADER = YES;
				CLANG_WARN_RANGE_LOOP_ANALYSIS = YES;
				CLANG_WARN_STRICT_PROTOTYPES = YES;
				CLANG_WARN_SUSPICIOUS_MOVE = YES;
				CLANG_WARN_UNGUARDED_AVAILABILITY = YES_AGGRESSIVE;
				CLANG_WARN_UNREACHABLE_CODE = YES;
				CLANG_WARN__DUPLICATE_METHOD_MATCH = YES;
				COPY_PHASE_STRIP = NO;
				DEBUG_INFORMATION_FORMAT = dwarf;
				ENABLE_STRICT_OBJC_MSGSEND = YES;
				ENABLE_TESTABILITY = YES;
				GCC_C_LANGUAGE_STANDARD = gnu11;
				GCC_DYNAMIC_NO_PIC = NO;
				GCC_NO_COMMON_BLOCKS = YES;
				GCC_OPTIMIZATION_LEVEL = 0;
				GCC_PREPROCESSOR_DEFINITIONS = (
					"DEBUG=1",
					"$(inherited)",
				);
				GCC_WARN_64_TO_32_BIT_CONVERSION = YES;
				GCC_WARN_ABOUT_RETURN_TYPE = YES_ERROR;
				GCC_WARN_UNDECLARED_SELECTOR = YES;
				GCC_WARN_UNINITIALIZED_AUTOS = YES_AGGRESSIVE;
				GCC_WARN_UNUSED_FUNCTION = YES;
				GCC_WARN_UNUSED_VARIABLE = YES;
				IPHONEOS_DEPLOYMENT_TARGET = 15.2;
				MTL_ENABLE_DEBUG_INFO = INCLUDE_SOURCE;
				MTL_FAST_MATH = YES;
				ONLY_ACTIVE_ARCH = YES;
				SDKROOT = iphoneos;
				SWIFT_ACTIVE_COMPILATION_CONDITIONS = DEBUG;
				SWIFT_OPTIMIZATION_LEVEL = "-Onone";
			};
			name = Debug;
		};
		E8A8590127DDF7B700767E7C /* Release */ = {
			isa = XCBuildConfiguration;
			buildSettings = {
				ALWAYS_SEARCH_USER_PATHS = NO;
				CLANG_ANALYZER_NONNULL = YES;
				CLANG_ANALYZER_NUMBER_OBJECT_CONVERSION = YES_AGGRESSIVE;
				CLANG_CXX_LANGUAGE_STANDARD = "gnu++17";
				CLANG_CXX_LIBRARY = "libc++";
				CLANG_ENABLE_MODULES = YES;
				CLANG_ENABLE_OBJC_ARC = YES;
				CLANG_ENABLE_OBJC_WEAK = YES;
				CLANG_WARN_BLOCK_CAPTURE_AUTORELEASING = YES;
				CLANG_WARN_BOOL_CONVERSION = YES;
				CLANG_WARN_COMMA = YES;
				CLANG_WARN_CONSTANT_CONVERSION = YES;
				CLANG_WARN_DEPRECATED_OBJC_IMPLEMENTATIONS = YES;
				CLANG_WARN_DIRECT_OBJC_ISA_USAGE = YES_ERROR;
				CLANG_WARN_DOCUMENTATION_COMMENTS = YES;
				CLANG_WARN_EMPTY_BODY = YES;
				CLANG_WARN_ENUM_CONVERSION = YES;
				CLANG_WARN_INFINITE_RECURSION = YES;
				CLANG_WARN_INT_CONVERSION = YES;
				CLANG_WARN_NON_LITERAL_NULL_CONVERSION = YES;
				CLANG_WARN_OBJC_IMPLICIT_RETAIN_SELF = YES;
				CLANG_WARN_OBJC_LITERAL_CONVERSION = YES;
				CLANG_WARN_OBJC_ROOT_CLASS = YES_ERROR;
				CLANG_WARN_QUOTED_INCLUDE_IN_FRAMEWORK_HEADER = YES;
				CLANG_WARN_RANGE_LOOP_ANALYSIS = YES;
				CLANG_WARN_STRICT_PROTOTYPES = YES;
				CLANG_WARN_SUSPICIOUS_MOVE = YES;
				CLANG_WARN_UNGUARDED_AVAILABILITY = YES_AGGRESSIVE;
				CLANG_WARN_UNREACHABLE_CODE = YES;
				CLANG_WARN__DUPLICATE_METHOD_MATCH = YES;
				COPY_PHASE_STRIP = NO;
				DEBUG_INFORMATION_FORMAT = "dwarf-with-dsym";
				ENABLE_NS_ASSERTIONS = NO;
				ENABLE_STRICT_OBJC_MSGSEND = YES;
				GCC_C_LANGUAGE_STANDARD = gnu11;
				GCC_NO_COMMON_BLOCKS = YES;
				GCC_WARN_64_TO_32_BIT_CONVERSION = YES;
				GCC_WARN_ABOUT_RETURN_TYPE = YES_ERROR;
				GCC_WARN_UNDECLARED_SELECTOR = YES;
				GCC_WARN_UNINITIALIZED_AUTOS = YES_AGGRESSIVE;
				GCC_WARN_UNUSED_FUNCTION = YES;
				GCC_WARN_UNUSED_VARIABLE = YES;
				IPHONEOS_DEPLOYMENT_TARGET = 15.2;
				MTL_ENABLE_DEBUG_INFO = NO;
				MTL_FAST_MATH = YES;
				SDKROOT = iphoneos;
				SWIFT_COMPILATION_MODE = wholemodule;
				SWIFT_OPTIMIZATION_LEVEL = "-O";
				VALIDATE_PRODUCT = YES;
			};
			name = Release;
		};
		E8A8590327DDF7B700767E7C /* Debug */ = {
			isa = XCBuildConfiguration;
			baseConfigurationReference = 0B725132DD06793E96C853E0 /* Pods-SwiftBook_Networking.debug.xcconfig */;
			buildSettings = {
				ASSETCATALOG_COMPILER_APPICON_NAME = AppIcon;
				ASSETCATALOG_COMPILER_GLOBAL_ACCENT_COLOR_NAME = AccentColor;
				CODE_SIGN_STYLE = Automatic;
				CURRENT_PROJECT_VERSION = 1;
				GENERATE_INFOPLIST_FILE = YES;
				INFOPLIST_FILE = SwiftBook_Networking/Info.plist;
				INFOPLIST_KEY_UIApplicationSupportsIndirectInputEvents = YES;
				INFOPLIST_KEY_UILaunchStoryboardName = LaunchScreen;
				INFOPLIST_KEY_UIMainStoryboardFile = Main;
				INFOPLIST_KEY_UISupportedInterfaceOrientations_iPad = "UIInterfaceOrientationPortrait UIInterfaceOrientationPortraitUpsideDown UIInterfaceOrientationLandscapeLeft UIInterfaceOrientationLandscapeRight";
				INFOPLIST_KEY_UISupportedInterfaceOrientations_iPhone = "UIInterfaceOrientationPortrait UIInterfaceOrientationLandscapeLeft UIInterfaceOrientationLandscapeRight";
				LD_RUNPATH_SEARCH_PATHS = (
					"$(inherited)",
					"@executable_path/Frameworks",
				);
				MARKETING_VERSION = 1.0;
				PRODUCT_BUNDLE_IDENTIFIER = "com.MVP-App.SwiftBook-Networking";
				PRODUCT_NAME = "$(TARGET_NAME)";
				SWIFT_EMIT_LOC_STRINGS = YES;
				SWIFT_VERSION = 5.0;
				TARGETED_DEVICE_FAMILY = "1,2";
			};
			name = Debug;
		};
		E8A8590427DDF7B700767E7C /* Release */ = {
			isa = XCBuildConfiguration;
			baseConfigurationReference = 9DC525E4AAFAD76DCBC14872 /* Pods-SwiftBook_Networking.release.xcconfig */;
			buildSettings = {
				ASSETCATALOG_COMPILER_APPICON_NAME = AppIcon;
				ASSETCATALOG_COMPILER_GLOBAL_ACCENT_COLOR_NAME = AccentColor;
				CODE_SIGN_STYLE = Automatic;
				CURRENT_PROJECT_VERSION = 1;
				GENERATE_INFOPLIST_FILE = YES;
				INFOPLIST_FILE = SwiftBook_Networking/Info.plist;
				INFOPLIST_KEY_UIApplicationSupportsIndirectInputEvents = YES;
				INFOPLIST_KEY_UILaunchStoryboardName = LaunchScreen;
				INFOPLIST_KEY_UIMainStoryboardFile = Main;
				INFOPLIST_KEY_UISupportedInterfaceOrientations_iPad = "UIInterfaceOrientationPortrait UIInterfaceOrientationPortraitUpsideDown UIInterfaceOrientationLandscapeLeft UIInterfaceOrientationLandscapeRight";
				INFOPLIST_KEY_UISupportedInterfaceOrientations_iPhone = "UIInterfaceOrientationPortrait UIInterfaceOrientationLandscapeLeft UIInterfaceOrientationLandscapeRight";
				LD_RUNPATH_SEARCH_PATHS = (
					"$(inherited)",
					"@executable_path/Frameworks",
				);
				MARKETING_VERSION = 1.0;
				PRODUCT_BUNDLE_IDENTIFIER = "com.MVP-App.SwiftBook-Networking";
				PRODUCT_NAME = "$(TARGET_NAME)";
				SWIFT_EMIT_LOC_STRINGS = YES;
				SWIFT_VERSION = 5.0;
				TARGETED_DEVICE_FAMILY = "1,2";
			};
			name = Release;
		};
/* End XCBuildConfiguration section */

/* Begin XCConfigurationList section */
		E8A858E927DDF7B500767E7C /* Build configuration list for PBXProject "SwiftBook_Networking" */ = {
			isa = XCConfigurationList;
			buildConfigurations = (
				E8A8590027DDF7B700767E7C /* Debug */,
				E8A8590127DDF7B700767E7C /* Release */,
			);
			defaultConfigurationIsVisible = 0;
			defaultConfigurationName = Release;
		};
		E8A8590227DDF7B700767E7C /* Build configuration list for PBXNativeTarget "SwiftBook_Networking" */ = {
			isa = XCConfigurationList;
			buildConfigurations = (
				E8A8590327DDF7B700767E7C /* Debug */,
				E8A8590427DDF7B700767E7C /* Release */,
			);
			defaultConfigurationIsVisible = 0;
			defaultConfigurationName = Release;
		};
/* End XCConfigurationList section */
	};
	rootObject = E8A858E627DDF7B500767E7C /* Project object */;
}
